
Microsoft Visual Studio Solution File, Format Version 12.00
# Visual Studio Version 17
VisualStudioVersion = 17.7.34003.232
MinimumVisualStudioVersion = 10.0.40219.1
Project("{FAE04EC0-301F-11D3-BF4B-00C04F79EFBC}") = "DepatmentService.cs", "DepatmentService.cs\DepatmentService.cs.csproj", "{004BE87E-05D7-47FD-BA56-742463A7F6DE}"
EndProject
Project("{FAE04EC0-301F-11D3-BF4B-00C04F79EFBC}") = "ApiGetaway.cs", "ApiGetaway.cs\ApiGetaway.cs.csproj", "{0F028CE1-915F-4F93-B8C3-7318FA922B05}"
EndProject
Global
	GlobalSection(SolutionConfigurationPlatforms) = preSolution
		Debug|Any CPU = Debug|Any CPU
		Release|Any CPU = Release|Any CPU
	EndGlobalSection
	GlobalSection(ProjectConfigurationPlatforms) = postSolution
		{004BE87E-05D7-47FD-BA56-742463A7F6DE}.Debug|Any CPU.ActiveCfg = Debug|Any CPU
		{004BE87E-05D7-47FD-BA56-742463A7F6DE}.Debug|Any CPU.Build.0 = Debug|Any CPU
		{004BE87E-05D7-47FD-BA56-742463A7F6DE}.Release|Any CPU.ActiveCfg = Release|Any CPU
		{004BE87E-05D7-47FD-BA56-742463A7F6DE}.Release|Any CPU.Build.0 = Release|Any CPU
		{0F028CE1-915F-4F93-B8C3-7318FA922B05}.Debug|Any CPU.ActiveCfg = Debug|Any CPU
		{0F028CE1-915F-4F93-B8C3-7318FA922B05}.Debug|Any CPU.Build.0 = Debug|Any CPU
		{0F028CE1-915F-4F93-B8C3-7318FA922B05}.Release|Any CPU.ActiveCfg = Release|Any CPU
		{0F028CE1-915F-4F93-B8C3-7318FA922B05}.Release|Any CPU.Build.0 = Release|Any CPU
	EndGlobalSection
	GlobalSection(SolutionProperties) = preSolution
		HideSolutionNode = FALSE
	EndGlobalSection
	GlobalSection(ExtensibilityGlobals) = postSolution
		SolutionGuid = {911EFFF4-7B39-48AC-A544-FB081BB06075}
	EndGlobalSection
EndGlobal
